Microsoft Visual Studio Solution File, Format Version 12.00
# Visual Studio Version 17
VisualStudioVersion = 17.13.35931.197
MinimumVisualStudioVersion = 10.0.40219.1
Project("{FAE04EC0-301F-11D3-BF4B-00C04F79EFBC}") = "ApiContainer", "ApiContainer\ApiContainer.csproj", "{EE686B3E-46E5-4950-846D-69222DAFCE75}"
EndProject
Global
	GlobalSection(SolutionConfigurationPlatforms) = preSolution
		Debug|Any CPU = Debug|Any CPU
		Release|Any CPU = Release|Any CPU
	EndGlobalSection
	GlobalSection(ProjectConfigurationPlatforms) = postSolution
		{EE686B3E-46E5-4950-846D-69222DAFCE75}.Debug|Any CPU.ActiveCfg = Debug|Any CPU
		{EE686B3E-46E5-4950-846D-69222DAFCE75}.Debug|Any CPU.Build.0 = Debug|Any CPU
		{EE686B3E-46E5-4950-846D-69222DAFCE75}.Release|Any CPU.ActiveCfg = Release|Any CPU
		{EE686B3E-46E5-4950-846D-69222DAFCE75}.Release|Any CPU.Build.0 = Release|Any CPU
	EndGlobalSection
	GlobalSection(SolutionProperties) = preSolution
		HideSolutionNode = FALSE
	EndGlobalSection
	GlobalSection(ExtensibilityGlobals) = postSolution
		SolutionGuid = {40398135-77F8-4FC6-B73D-3721BE0C7EAA}
	EndGlobalSection
EndGlobal
